
Microsoft Visual Studio Solution File, Format Version 12.00
# Visual Studio Version 17
VisualStudioVersion = 17.0.31912.275
MinimumVisualStudioVersion = 10.0.40219.1
Project("{FAE04EC0-301F-11D3-BF4B-00C04F79EFBC}") = "eBook", "eBook.csproj", "{287D14DE-1285-41A0-BB06-5963318384CF}"
EndProject
Global
	GlobalSection(SolutionConfigurationPlatforms) = preSolution
		Debug|Any CPU = Debug|Any CPU
		Release|Any CPU = Release|Any CPU
	EndGlobalSection
	GlobalSection(ProjectConfigurationPlatforms) = postSolution
		{287D14DE-1285-41A0-BB06-5963318384CF}.Debug|Any CPU.ActiveCfg = Debug|Any CPU
		{287D14DE-1285-41A0-BB06-5963318384CF}.Debug|Any CPU.Build.0 = Debug|Any CPU
		{287D14DE-1285-41A0-BB06-5963318384CF}.Release|Any CPU.ActiveCfg = Release|Any CPU
		{287D14DE-1285-41A0-BB06-5963318384CF}.Release|Any CPU.Build.0 = Release|Any CPU
	EndGlobalSection
	GlobalSection(SolutionProperties) = preSolution
		HideSolutionNode = FALSE
	EndGlobalSection
	GlobalSection(ExtensibilityGlobals) = postSolution
		SolutionGuid = {FAD11CA1-213E-435F-8147-60947CE2FC4D}
	EndGlobalSection
EndGlobal
